{
    "hash": "9588e6f8d4d8838321c60383f347643a",
    "packages": [

    ],
    "packages-dev": [
        {
            "name": "icecave/testing",
            "version": "1.1.5",
            "source": {
                "type": "git",
                "url": "https://github.com/IcecaveStudios/testing.git",
                "reference": "1.1.5"
            },
            "dist": {
                "type": "zip",
                "url": "https://api.github.com/repos/IcecaveStudios/testing/zipball/1.1.5",
                "reference": "1.1.5",
                "shasum": ""
            },
            "require": {
                "phake/phake": "1.*"
            },
            "suggest": {
                "eloquent/asplode": "Use the asplode error handler instead of PHPUnit's internal error handler.",
                "eloquent/liberator": "Use liberator for circumventing PHP access modifier restrictions inside tests."
            },
            "time": "2013-01-31 23:27:12",
            "bin": [
                "bin/phpunit",
                "bin/phpunit-coverage",
                "bin/travis-init",
                "bin/travis-build"
            ],
            "type": "library",
            "notification-url": "https://packagist.org/downloads/",
            "license": [
                "MIT"
            ],
            "authors": [
                {
                    "name": "James Harris",
                    "email": "james.harris@icecave.com.au"
                }
            ],
            "description": "Helper package for testing Icecave projects in a uniform way.",
            "homepage": "https://github.com/IcecaveStudios/testing",
            "keywords": [
                "testing",
                "phpunit",
                "test",
                "unit",
                "phake",
                "coverage"
            ]
        },
        {
            "name": "phake/phake",
            "version": "v1.0.3",
            "source": {
                "type": "git",
                "url": "git://github.com/mlively/Phake.git",
                "reference": "v1.0.3"
            },
            "dist": {
                "type": "zip",
                "url": "https://github.com/mlively/Phake/zipball/v1.0.3",
                "reference": "v1.0.3",
                "shasum": ""
            },
            "require": {
                "php": ">=5.2.0"
            },
            "time": "2012-05-14 15:06:51",
            "type": "library",
            "autoload": {
                "classmap": [
                    "src"
                ]
            },
            "include-path": [
                "src"
            ],
            "license": [
                "BSD"
            ],
            "authors": [
                {
                    "name": "Mike Lively",
                    "email": "m@digitalsandwich.com",
                    "homepage": null,
                    "role": null
                }
            ],
            "description": "The Phake mock testing library",
            "homepage": "https://github.com/mlively/Phake",
            "keywords": [
                "testing",
                "mock"
            ]
        }
    ],
    "aliases": [

    ],
    "minimum-stability": "stable",
    "stability-flags": [

    ]
}
